# This file was autogenerated by Stack.
# You should not edit this file by hand.
# For more information, please see the documentation at:
#   https://docs.haskellstack.org/en/stable/lock_files

packages: []
snapshots:
- completed:
    size: 610848
    url: https://raw.githubusercontent.com/commercialhaskell/stackage-snapshots/master/nightly/2022/3/12.yaml
    sha256: d32407cb1e3a8e180ee6b25ee8e42ac539822728769faf30e7d05c980c76bf2c
  original:
    url: https://raw.githubusercontent.com/commercialhaskell/stackage-snapshots/master/nightly/2022/3/12.yaml
